// !$*UTF8*$!
{
	archiveVersion = 1;
	classes = {
	};
	objectVersion = 50;
	objects = {

/* Begin PBXBuildFile section */
		8E5C526F231038CE00CAE47E /* AppDelegate.swift in Sources */ = {isa = PBXBuildFile; fileRef = 8E5C526E231038CE00CAE47E /* AppDelegate.swift */; };
		8E5C5271231038CE00CAE47E /* ViewController.swift in Sources */ = {isa = PBXBuildFile; fileRef = 8E5C5270231038CE00CAE47E /* ViewController.swift */; };
		8E5C5277231038CE00CAE47E /* danger_noodle.xcdatamodeld in Sources */ = {isa = PBXBuildFile; fileRef = 8E5C5275231038CE00CAE47E /* danger_noodle.xcdatamodeld */; };
		8E5C5279231038CF00CAE47E /* Assets.xcassets in Resources */ = {isa = PBXBuildFile; fileRef = 8E5C5278231038CF00CAE47E /* Assets.xcassets */; };
		8E5C527C231038CF00CAE47E /* LaunchScreen.storyboard in Resources */ = {isa = PBXBuildFile; fileRef = 8E5C527A231038CF00CAE47E /* LaunchScreen.storyboard */; };
		8E5C528623103FF800CAE47E /* Main.storyboard in Resources */ = {isa = PBXBuildFile; fileRef = 8E5C528523103FF800CAE47E /* Main.storyboard */; };
		8E5C5288231040E200CAE47E /* DetailViewController.swift in Sources */ = {isa = PBXBuildFile; fileRef = 8E5C5287231040E200CAE47E /* DetailViewController.swift */; };
		8E5C528C231044EB00CAE47E /* PetTableViewCell.swift in Sources */ = {isa = PBXBuildFile; fileRef = 8E5C528A231044EB00CAE47E /* PetTableViewCell.swift */; };
		8E5C528D231044EB00CAE47E /* PetTableViewCell.xib in Resources */ = {isa = PBXBuildFile; fileRef = 8E5C528B231044EB00CAE47E /* PetTableViewCell.xib */; };
		8E5C529223104A2C00CAE47E /* Pet.swift in Sources */ = {isa = PBXBuildFile; fileRef = 8E5C529123104A2C00CAE47E /* Pet.swift */; };
		8E5C529423104A3C00CAE47E /* Snake.swift in Sources */ = {isa = PBXBuildFile; fileRef = 8E5C529323104A3C00CAE47E /* Snake.swift */; };
/* End PBXBuildFile section */

/* Begin PBXFileReference section */
		8E5C526B231038CE00CAE47E /* danger-noodle.app */ = {isa = PBXFileReference; explicitFileType = wrapper.application; includeInIndex = 0; path = "danger-noodle.app"; sourceTree = BUILT_PRODUCTS_DIR; };
		8E5C526E231038CE00CAE47E /* AppDelegate.swift */ = {isa = PBXFileReference; lastKnownFileType = sourcecode.swift; path = AppDelegate.swift; sourceTree = "<group>"; };
		8E5C5270231038CE00CAE47E /* ViewController.swift */ = {isa = PBXFileReference; lastKnownFileType = sourcecode.swift; path = ViewController.swift; sourceTree = "<group>"; };
		8E5C5276231038CE00CAE47E /* danger_noodle.xcdatamodel */ = {isa = PBXFileReference; lastKnownFileType = wrapper.xcdatamodel; path = danger_noodle.xcdatamodel; sourceTree = "<group>"; };
		8E5C5278231038CF00CAE47E /* Assets.xcassets */ = {isa = PBXFileReference; lastKnownFileType = folder.assetcatalog; path = Assets.xcassets; sourceTree = "<group>"; };
		8E5C527B231038CF00CAE47E /* Base */ = {isa = PBXFileReference; lastKnownFileType = file.storyboard; name = Base; path = Base.lproj/LaunchScreen.storyboard; sourceTree = "<group>"; };
		8E5C527D231038CF00CAE47E /* Info.plist */ = {isa = PBXFileReference; lastKnownFileType = text.plist.xml; path = Info.plist; sourceTree = "<group>"; };
		8E5C528523103FF800CAE47E /* Main.storyboard */ = {isa = PBXFileReference; fileEncoding = 4; lastKnownFileType = file.storyboard; path = Main.storyboard; sourceTree = "<group>"; };
		8E5C5287231040E200CAE47E /* DetailViewController.swift */ = {isa = PBXFileReference; lastKnownFileType = sourcecode.swift; path = DetailViewController.swift; sourceTree = "<group>"; };
		8E5C528A231044EB00CAE47E /* PetTableViewCell.swift */ = {isa = PBXFileReference; lastKnownFileType = sourcecode.swift; path = PetTableViewCell.swift; sourceTree = "<group>"; };
		8E5C528B231044EB00CAE47E /* PetTableViewCell.xib */ = {isa = PBXFileReference; lastKnownFileType = file.xib; path = PetTableViewCell.xib; sourceTree = "<group>"; };
		8E5C529123104A2C00CAE47E /* Pet.swift */ = {isa = PBXFileReference; lastKnownFileType = sourcecode.swift; path = Pet.swift; sourceTree = "<group>"; };
		8E5C529323104A3C00CAE47E /* Snake.swift */ = {isa = PBXFileReference; lastKnownFileType = sourcecode.swift; path = Snake.swift; sourceTree = "<group>"; };
/* End PBXFileReference section */

/* Begin PBXFrameworksBuildPhase section */
		8E5C5268231038CE00CAE47E /* Frameworks */ = {
			isa = PBXFrameworksBuildPhase;
			buildActionMask = 2147483647;
			files = (
			);
			runOnlyForDeploymentPostprocessing = 0;
		};
/* End PBXFrameworksBuildPhase section */

/* Begin PBXGroup section */
		8E5C5262231038CE00CAE47E = {
			isa = PBXGroup;
			children = (
				8E5C526D231038CE00CAE47E /* danger-noodle */,
				8E5C526C231038CE00CAE47E /* Products */,
			);
			sourceTree = "<group>";
		};
		8E5C526C231038CE00CAE47E /* Products */ = {
			isa = PBXGroup;
			children = (
				8E5C526B231038CE00CAE47E /* danger-noodle.app */,
			);
			name = Products;
			sourceTree = "<group>";
		};
		8E5C526D231038CE00CAE47E /* danger-noodle */ = {
			isa = PBXGroup;
			children = (
				8E5C5290231049E300CAE47E /* Views */,
				8E5C528F231049D800CAE47E /* Controllers */,
				8E5C528E231049C400CAE47E /* Models */,
				8E5C526E231038CE00CAE47E /* AppDelegate.swift */,
				8E5C5278231038CF00CAE47E /* Assets.xcassets */,
				8E5C527D231038CF00CAE47E /* Info.plist */,
				8E5C5275231038CE00CAE47E /* danger_noodle.xcdatamodeld */,
			);
			path = "danger-noodle";
			sourceTree = "<group>";
		};
		8E5C528E231049C400CAE47E /* Models */ = {
			isa = PBXGroup;
			children = (
				8E5C529123104A2C00CAE47E /* Pet.swift */,
				8E5C529323104A3C00CAE47E /* Snake.swift */,
			);
			path = Models;
			sourceTree = "<group>";
		};
		8E5C528F231049D800CAE47E /* Controllers */ = {
			isa = PBXGroup;
			children = (
				8E5C5270231038CE00CAE47E /* ViewController.swift */,
				8E5C5287231040E200CAE47E /* DetailViewController.swift */,
				8E5C528A231044EB00CAE47E /* PetTableViewCell.swift */,
			);
			path = Controllers;
			sourceTree = "<group>";
		};
		8E5C5290231049E300CAE47E /* Views */ = {
			isa = PBXGroup;
			children = (
				8E5C528523103FF800CAE47E /* Main.storyboard */,
				8E5C527A231038CF00CAE47E /* LaunchScreen.storyboard */,
				8E5C528B231044EB00CAE47E /* PetTableViewCell.xib */,
			);
			path = Views;
			sourceTree = "<group>";
		};
/* End PBXGroup section */

/* Begin PBXNativeTarget section */
		8E5C526A231038CE00CAE47E /* danger-noodle */ = {
			isa = PBXNativeTarget;
			buildConfigurationList = 8E5C5280231038CF00CAE47E /* Build configuration list for PBXNativeTarget "danger-noodle" */;
			buildPhases = (
				8E5C5267231038CE00CAE47E /* Sources */,
				8E5C5268231038CE00CAE47E /* Frameworks */,
				8E5C5269231038CE00CAE47E /* Resources */,
			);
			buildRules = (
			);
			dependencies = (
			);
			name = "danger-noodle";
			productName = "danger-noodle";
			productReference = 8E5C526B231038CE00CAE47E /* danger-noodle.app */;
			productType = "com.apple.product-type.application";
		};
/* End PBXNativeTarget section */

/* Begin PBXProject section */
		8E5C5263231038CE00CAE47E /* Project object */ = {
			isa = PBXProject;
			attributes = {
				LastSwiftUpdateCheck = 1030;
				LastUpgradeCheck = 1030;
				ORGANIZATIONNAME = "Jake Stanger";
				TargetAttributes = {
					8E5C526A231038CE00CAE47E = {
						CreatedOnToolsVersion = 10.3;
					};
				};
			};
			buildConfigurationList = 8E5C5266231038CE00CAE47E /* Build configuration list for PBXProject "danger-noodle" */;
			compatibilityVersion = "Xcode 9.3";
			developmentRegion = en;
			hasScannedForEncodings = 0;
			knownRegions = (
				en,
				Base,
			);
			mainGroup = 8E5C5262231038CE00CAE47E;
			productRefGroup = 8E5C526C231038CE00CAE47E /* Products */;
			projectDirPath = "";
			projectRoot = "";
			targets = (
				8E5C526A231038CE00CAE47E /* danger-noodle */,
			);
		};
/* End PBXProject section */

/* Begin PBXResourcesBuildPhase section */
		8E5C5269231038CE00CAE47E /* Resources */ = {
			isa = PBXResourcesBuildPhase;
			buildActionMask = 2147483647;
			files = (
				8E5C527C231038CF00CAE47E /* LaunchScreen.storyboard in Resources */,
				8E5C528D231044EB00CAE47E /* PetTableViewCell.xib in Resources */,
				8E5C5279231038CF00CAE47E /* Assets.xcassets in Resources */,
				8E5C528623103FF800CAE47E /* Main.storyboard in Resources */,
			);
			runOnlyForDeploymentPostprocessing = 0;
		};
/* End PBXResourcesBuildPhase section */

/* Begin PBXSourcesBuildPhase section */
		8E5C5267231038CE00CAE47E /* Sources */ = {
			isa = PBXSourcesBuildPhase;
			buildActionMask = 2147483647;
			files = (
				8E5C5271231038CE00CAE47E /* ViewController.swift in Sources */,
				8E5C5277231038CE00CAE47E /* danger_noodle.xcdatamodeld in Sources */,
				8E5C526F231038CE00CAE47E /* AppDelegate.swift in Sources */,
				8E5C529223104A2C00CAE47E /* Pet.swift in Sources */,
				8E5C528C231044EB00CAE47E /* PetTableViewCell.swift in Sources */,
				8E5C529423104A3C00CAE47E /* Snake.swift in Sources */,
				8E5C5288231040E200CAE47E /* DetailViewController.swift in Sources */,
			);
			runOnlyForDeploymentPostprocessing = 0;
		};
/* End PBXSourcesBuildPhase section */

/* Begin PBXVariantGroup section */
		8E5C527A231038CF00CAE47E /* LaunchScreen.storyboard */ = {
			isa = PBXVariantGroup;
			children = (
				8E5C527B231038CF00CAE47E /* Base */,
			);
			name = LaunchScreen.storyboard;
			sourceTree = "<group>";
		};
/* End PBXVariantGroup section */

/* Begin XCBuildConfiguration section */
		8E5C527E231038CF00CAE47E /* Debug */ = {
			isa = XCBuildConfiguration;
			buildSettings = {
				ALWAYS_SEARCH_USER_PATHS = NO;
				CLANG_ANALYZER_NONNULL = YES;
				CLANG_ANALYZER_NUMBER_OBJECT_CONVERSION = YES_AGGRESSIVE;
				CLANG_CXX_LANGUAGE_STANDARD = "gnu++14";
				CLANG_CXX_LIBRARY = "libc++";
				CLANG_ENABLE_MODULES = YES;
				CLANG_ENABLE_OBJC_ARC = YES;
				CLANG_ENABLE_OBJC_WEAK = YES;
				CLANG_WARN_BLOCK_CAPTURE_AUTORELEASING = YES;
				CLANG_WARN_BOOL_CONVERSION = YES;
				CLANG_WARN_COMMA = YES;
				CLANG_WARN_CONSTANT_CONVERSION = YES;
				CLANG_WARN_DEPRECATED_OBJC_IMPLEMENTATIONS = YES;
				CLANG_WARN_DIRECT_OBJC_ISA_USAGE = YES_ERROR;
				CLANG_WARN_DOCUMENTATION_COMMENTS = YES;
				CLANG_WARN_EMPTY_BODY = YES;
				CLANG_WARN_ENUM_CONVERSION = YES;
				CLANG_WARN_INFINITE_RECURSION = YES;
				CLANG_WARN_INT_CONVERSION = YES;
				CLANG_WARN_NON_LITERAL_NULL_CONVERSION = YES;
				CLANG_WARN_OBJC_IMPLICIT_RETAIN_SELF = YES;
				CLANG_WARN_OBJC_LITERAL_CONVERSION = YES;
				CLANG_WARN_OBJC_ROOT_CLASS = YES_ERROR;
				CLANG_WARN_RANGE_LOOP_ANALYSIS = YES;
				CLANG_WARN_STRICT_PROTOTYPES = YES;
				CLANG_WARN_SUSPICIOUS_MOVE = YES;
				CLANG_WARN_UNGUARDED_AVAILABILITY = YES_AGGRESSIVE;
				CLANG_WARN_UNREACHABLE_CODE = YES;
				CLANG_WARN__DUPLICATE_METHOD_MATCH = YES;
				CODE_SIGN_IDENTITY = "iPhone Developer";
				COPY_PHASE_STRIP = NO;
				DEBUG_INFORMATION_FORMAT = dwarf;
				ENABLE_STRICT_OBJC_MSGSEND = YES;
				ENABLE_TESTABILITY = YES;
				GCC_C_LANGUAGE_STANDARD = gnu11;
				GCC_DYNAMIC_NO_PIC = NO;
				GCC_NO_COMMON_BLOCKS = YES;
				GCC_OPTIMIZATION_LEVEL = 0;
				GCC_PREPROCESSOR_DEFINITIONS = (
					"DEBUG=1",
					"$(inherited)",
				);
				GCC_WARN_64_TO_32_BIT_CONVERSION = YES;
				GCC_WARN_ABOUT_RETURN_TYPE = YES_ERROR;
				GCC_WARN_UNDECLARED_SELECTOR = YES;
				GCC_WARN_UNINITIALIZED_AUTOS = YES_AGGRESSIVE;
				GCC_WARN_UNUSED_FUNCTION = YES;
				GCC_WARN_UNUSED_VARIABLE = YES;
				IPHONEOS_DEPLOYMENT_TARGET = 12.4;
				MTL_ENABLE_DEBUG_INFO = INCLUDE_SOURCE;
				MTL_FAST_MATH = YES;
				ONLY_ACTIVE_ARCH = YES;
				SDKROOT = iphoneos;
				SWIFT_ACTIVE_COMPILATION_CONDITIONS = DEBUG;
				SWIFT_OPTIMIZATION_LEVEL = "-Onone";
			};
			name = Debug;
		};
		8E5C527F231038CF00CAE47E /* Release */ = {
			isa = XCBuildConfiguration;
			buildSettings = {
				ALWAYS_SEARCH_USER_PATHS = NO;
				CLANG_ANALYZER_NONNULL = YES;
				CLANG_ANALYZER_NUMBER_OBJECT_CONVERSION = YES_AGGRESSIVE;
				CLANG_CXX_LANGUAGE_STANDARD = "gnu++14";
				CLANG_CXX_LIBRARY = "libc++";
				CLANG_ENABLE_MODULES = YES;
				CLANG_ENABLE_OBJC_ARC = YES;
				CLANG_ENABLE_OBJC_WEAK = YES;
				CLANG_WARN_BLOCK_CAPTURE_AUTORELEASING = YES;
				CLANG_WARN_BOOL_CONVERSION = YES;
				CLANG_WARN_COMMA = YES;
				CLANG_WARN_CONSTANT_CONVERSION = YES;
				CLANG_WARN_DEPRECATED_OBJC_IMPLEMENTATIONS = YES;
				CLANG_WARN_DIRECT_OBJC_ISA_USAGE = YES_ERROR;
				CLANG_WARN_DOCUMENTATION_COMMENTS = YES;
				CLANG_WARN_EMPTY_BODY = YES;
				CLANG_WARN_ENUM_CONVERSION = YES;
				CLANG_WARN_INFINITE_RECURSION = YES;
				CLANG_WARN_INT_CONVERSION = YES;
				CLANG_WARN_NON_LITERAL_NULL_CONVERSION = YES;
				CLANG_WARN_OBJC_IMPLICIT_RETAIN_SELF = YES;
				CLANG_WARN_OBJC_LITERAL_CONVERSION = YES;
				CLANG_WARN_OBJC_ROOT_CLASS = YES_ERROR;
				CLANG_WARN_RANGE_LOOP_ANALYSIS = YES;
				CLANG_WARN_STRICT_PROTOTYPES = YES;
				CLANG_WARN_SUSPICIOUS_MOVE = YES;
				CLANG_WARN_UNGUARDED_AVAILABILITY = YES_AGGRESSIVE;
				CLANG_WARN_UNREACHABLE_CODE = YES;
				CLANG_WARN__DUPLICATE_METHOD_MATCH = YES;
				CODE_SIGN_IDENTITY = "iPhone Developer";
				COPY_PHASE_STRIP = NO;
				DEBUG_INFORMATION_FORMAT = "dwarf-with-dsym";
				ENABLE_NS_ASSERTIONS = NO;
				ENABLE_STRICT_OBJC_MSGSEND = YES;
				GCC_C_LANGUAGE_STANDARD = gnu11;
				GCC_NO_COMMON_BLOCKS = YES;
				GCC_WARN_64_TO_32_BIT_CONVERSION = YES;
				GCC_WARN_ABOUT_RETURN_TYPE = YES_ERROR;
				GCC_WARN_UNDECLARED_SELECTOR = YES;
				GCC_WARN_UNINITIALIZED_AUTOS = YES_AGGRESSIVE;
				GCC_WARN_UNUSED_FUNCTION = YES;
				GCC_WARN_UNUSED_VARIABLE = YES;
				IPHONEOS_DEPLOYMENT_TARGET = 12.4;
				MTL_ENABLE_DEBUG_INFO = NO;
				MTL_FAST_MATH = YES;
				SDKROOT = iphoneos;
				SWIFT_COMPILATION_MODE = wholemodule;
				SWIFT_OPTIMIZATION_LEVEL = "-O";
				VALIDATE_PRODUCT = YES;
			};
			name = Release;
		};
		8E5C5281231038CF00CAE47E /* Debug */ = {
			isa = XCBuildConfiguration;
			buildSettings = {
				ASSETCATALOG_COMPILER_APPICON_NAME = AppIcon;
				CODE_SIGN_STYLE = Automatic;
				DEVELOPMENT_TEAM = 36F4KTYB84;
				INFOPLIST_FILE = "danger-noodle/Info.plist";
				LD_RUNPATH_SEARCH_PATHS = (
					"$(inherited)",
					"@executable_path/Frameworks",
				);
				PRODUCT_BUNDLE_IDENTIFIER = "com.jevastang.danger-noodle";
				PRODUCT_NAME = "$(TARGET_NAME)";
				SWIFT_VERSION = 5.0;
				TARGETED_DEVICE_FAMILY = "1,2";
			};
			name = Debug;
		};
		8E5C5282231038CF00CAE47E /* Release */ = {
			isa = XCBuildConfiguration;
			buildSettings = {
				ASSETCATALOG_COMPILER_APPICON_NAME = AppIcon;
				CODE_SIGN_STYLE = Automatic;
				DEVELOPMENT_TEAM = 36F4KTYB84;
				INFOPLIST_FILE = "danger-noodle/Info.plist";
				LD_RUNPATH_SEARCH_PATHS = (
					"$(inherited)",
					"@executable_path/Frameworks",
				);
				PRODUCT_BUNDLE_IDENTIFIER = "com.jevastang.danger-noodle";
				PRODUCT_NAME = "$(TARGET_NAME)";
				SWIFT_VERSION = 5.0;
				TARGETED_DEVICE_FAMILY = "1,2";
			};
			name = Release;
		};
/* End XCBuildConfiguration section */

/* Begin XCConfigurationList section */
		8E5C5266231038CE00CAE47E /* Build configuration list for PBXProject "danger-noodle" */ = {
			isa = XCConfigurationList;
			buildConfigurations = (
				8E5C527E231038CF00CAE47E /* Debug */,
				8E5C527F231038CF00CAE47E /* Release */,
			);
			defaultConfigurationIsVisible = 0;
			defaultConfigurationName = Release;
		};
		8E5C5280231038CF00CAE47E /* Build configuration list for PBXNativeTarget "danger-noodle" */ = {
			isa = XCConfigurationList;
			buildConfigurations = (
				8E5C5281231038CF00CAE47E /* Debug */,
				8E5C5282231038CF00CAE47E /* Release */,
			);
			defaultConfigurationIsVisible = 0;
			defaultConfigurationName = Release;
		};
/* End XCConfigurationList section */

/* Begin XCVersionGroup section */
		8E5C5275231038CE00CAE47E /* danger_noodle.xcdatamodeld */ = {
			isa = XCVersionGroup;
			children = (
				8E5C5276231038CE00CAE47E /* danger_noodle.xcdatamodel */,
			);
			currentVersion = 8E5C5276231038CE00CAE47E /* danger_noodle.xcdatamodel */;
			path = danger_noodle.xcdatamodeld;
			sourceTree = "<group>";
			versionGroupType = wrapper.xcdatamodel;
		};
/* End XCVersionGroup section */
	};
	rootObject = 8E5C5263231038CE00CAE47E /* Project object */;
}
